// !$*UTF8*$!
{
	archiveVersion = 1;
	classes = {
	};
	objectVersion = 50;
	objects = {

/* Begin PBXBuildFile section */
		662377DB2464829100EF35C0 /* SubsetSum.swift in Sources */ = {isa = PBXBuildFile; fileRef = 662377DA2464829100EF35C0 /* SubsetSum.swift */; };
		662377DE2465FA0100EF35C0 /* Heap.swift in Sources */ = {isa = PBXBuildFile; fileRef = 662377DD2465FA0100EF35C0 /* Heap.swift */; };
		662377E02465FBCF00EF35C0 /* BinaryTree.swift in Sources */ = {isa = PBXBuildFile; fileRef = 662377DF2465FBCF00EF35C0 /* BinaryTree.swift */; };
		668C35B5245DE44F008E2D2C /* BinarySearch.swift in Sources */ = {isa = PBXBuildFile; fileRef = 668C35B4245DE44F008E2D2C /* BinarySearch.swift */; };
		668C35B8245DF060008E2D2C /* MaximumSubarrayDivideAndConquer.swift in Sources */ = {isa = PBXBuildFile; fileRef = 668C35B7245DF060008E2D2C /* MaximumSubarrayDivideAndConquer.swift */; };
		668C35BB245E066C008E2D2C /* MaximumSubarrayKadane.swift in Sources */ = {isa = PBXBuildFile; fileRef = 668C35BA245E066C008E2D2C /* MaximumSubarrayKadane.swift */; };
		668C35C224606A4B008E2D2C /* BinarySearchTreeReconstruction.swift in Sources */ = {isa = PBXBuildFile; fileRef = 668C35C124606A4B008E2D2C /* BinarySearchTreeReconstruction.swift */; };
		669E0C212451C5FF003DD940 /* main.swift in Sources */ = {isa = PBXBuildFile; fileRef = 669E0C202451C5FF003DD940 /* main.swift */; };
		669E0C312451DAEE003DD940 /* Stack.swift in Sources */ = {isa = PBXBuildFile; fileRef = 669E0C302451DAEE003DD940 /* Stack.swift */; };
		669E0C352451DCF6003DD940 /* SieveOfEratosthenes.swift in Sources */ = {isa = PBXBuildFile; fileRef = 669E0C342451DCF6003DD940 /* SieveOfEratosthenes.swift */; };
		669E0C3B2452049F003DD940 /* Sorting.swift in Sources */ = {isa = PBXBuildFile; fileRef = 669E0C3A2452049F003DD940 /* Sorting.swift */; };
		66EAB841245220B900593625 /* BubbleSort.swift in Sources */ = {isa = PBXBuildFile; fileRef = 66EAB840245220B900593625 /* BubbleSort.swift */; };
		66EAB843245220D400593625 /* InsertionSort.swift in Sources */ = {isa = PBXBuildFile; fileRef = 66EAB842245220D400593625 /* InsertionSort.swift */; };
		66EAB846245263E700593625 /* SelectionSort.swift in Sources */ = {isa = PBXBuildFile; fileRef = 66EAB845245263E700593625 /* SelectionSort.swift */; };
		66EAB849245320AB00593625 /* DoublyLinkedList.swift in Sources */ = {isa = PBXBuildFile; fileRef = 66EAB848245320AB00593625 /* DoublyLinkedList.swift */; };
		66EAB8502453313B00593625 /* SinglyLinkedList.swift in Sources */ = {isa = PBXBuildFile; fileRef = 66EAB84F2453313B00593625 /* SinglyLinkedList.swift */; };
		66EAB85424538FD900593625 /* MergeSort.swift in Sources */ = {isa = PBXBuildFile; fileRef = 66EAB85324538FD900593625 /* MergeSort.swift */; };
		66EAB8592455B63100593625 /* Queue.swift in Sources */ = {isa = PBXBuildFile; fileRef = 66EAB8582455B63100593625 /* Queue.swift */; };
		66EAB85D2455E2F100593625 /* Deque.swift in Sources */ = {isa = PBXBuildFile; fileRef = 66EAB85C2455E2F100593625 /* Deque.swift */; };
		66EAB8602456559C00593625 /* QuickSort.swift in Sources */ = {isa = PBXBuildFile; fileRef = 66EAB85F2456559C00593625 /* QuickSort.swift */; };
		66EAB8672456706000593625 /* CountSort.swift in Sources */ = {isa = PBXBuildFile; fileRef = 66EAB8662456706000593625 /* CountSort.swift */; };
		66EAB8692459A85E00593625 /* BinarySearchTree.swift in Sources */ = {isa = PBXBuildFile; fileRef = 66EAB8682459A85E00593625 /* BinarySearchTree.swift */; };
/* End PBXBuildFile section */

/* Begin PBXCopyFilesBuildPhase section */
		669E0C1B2451C5FF003DD940 /* CopyFiles */ = {
			isa = PBXCopyFilesBuildPhase;
			buildActionMask = 2147483647;
			dstPath = /usr/share/man/man1/;
			dstSubfolderSpec = 0;
			files = (
			);
			runOnlyForDeploymentPostprocessing = 1;
		};
/* End PBXCopyFilesBuildPhase section */

/* Begin PBXFileReference section */
		662377DA2464829100EF35C0 /* SubsetSum.swift */ = {isa = PBXFileReference; lastKnownFileType = sourcecode.swift; path = SubsetSum.swift; sourceTree = "<group>"; };
		662377DC2464965300EF35C0 /* README.md */ = {isa = PBXFileReference; lastKnownFileType = net.daringfireball.markdown; path = README.md; sourceTree = "<group>"; };
		662377DD2465FA0100EF35C0 /* Heap.swift */ = {isa = PBXFileReference; lastKnownFileType = sourcecode.swift; path = Heap.swift; sourceTree = "<group>"; };
		662377DF2465FBCF00EF35C0 /* BinaryTree.swift */ = {isa = PBXFileReference; lastKnownFileType = sourcecode.swift; path = BinaryTree.swift; sourceTree = "<group>"; };
		668C35B4245DE44F008E2D2C /* BinarySearch.swift */ = {isa = PBXFileReference; lastKnownFileType = sourcecode.swift; path = BinarySearch.swift; sourceTree = "<group>"; };
		668C35B7245DF060008E2D2C /* MaximumSubarrayDivideAndConquer.swift */ = {isa = PBXFileReference; lastKnownFileType = sourcecode.swift; path = MaximumSubarrayDivideAndConquer.swift; sourceTree = "<group>"; };
		668C35B9245E0285008E2D2C /* README.md */ = {isa = PBXFileReference; lastKnownFileType = net.daringfireball.markdown; path = README.md; sourceTree = "<group>"; };
		668C35BA245E066C008E2D2C /* MaximumSubarrayKadane.swift */ = {isa = PBXFileReference; lastKnownFileType = sourcecode.swift; path = MaximumSubarrayKadane.swift; sourceTree = "<group>"; };
		668C35BE245E0967008E2D2C /* README.md */ = {isa = PBXFileReference; lastKnownFileType = net.daringfireball.markdown; path = README.md; sourceTree = "<group>"; };
		668C35BF245F8248008E2D2C /* README.md */ = {isa = PBXFileReference; lastKnownFileType = net.daringfireball.markdown; path = README.md; sourceTree = "<group>"; };
		668C35C124606A4B008E2D2C /* BinarySearchTreeReconstruction.swift */ = {isa = PBXFileReference; lastKnownFileType = sourcecode.swift; path = BinarySearchTreeReconstruction.swift; sourceTree = "<group>"; };
		669E0C1D2451C5FF003DD940 /* Learning */ = {isa = PBXFileReference; explicitFileType = "compiled.mach-o.executable"; includeInIndex = 0; path = Learning; sourceTree = BUILT_PRODUCTS_DIR; };
		669E0C202451C5FF003DD940 /* main.swift */ = {isa = PBXFileReference; lastKnownFileType = sourcecode.swift; path = main.swift; sourceTree = "<group>"; };
		669E0C2D2451CD8F003DD940 /* README.md */ = {isa = PBXFileReference; lastKnownFileType = net.daringfireball.markdown; path = README.md; sourceTree = "<group>"; };
		669E0C2E2451CD99003DD940 /* LICENSE */ = {isa = PBXFileReference; lastKnownFileType = text; path = LICENSE; sourceTree = "<group>"; };
		669E0C302451DAEE003DD940 /* Stack.swift */ = {isa = PBXFileReference; lastKnownFileType = sourcecode.swift; path = Stack.swift; sourceTree = "<group>"; };
		669E0C322451DB23003DD940 /* README.md */ = {isa = PBXFileReference; lastKnownFileType = net.daringfireball.markdown; path = README.md; sourceTree = "<group>"; };
		669E0C342451DCF6003DD940 /* SieveOfEratosthenes.swift */ = {isa = PBXFileReference; lastKnownFileType = sourcecode.swift; path = SieveOfEratosthenes.swift; sourceTree = "<group>"; };
		669E0C362451EC5E003DD940 /* README.md */ = {isa = PBXFileReference; lastKnownFileType = net.daringfireball.markdown; path = README.md; sourceTree = "<group>"; };
		669E0C3A2452049F003DD940 /* Sorting.swift */ = {isa = PBXFileReference; lastKnownFileType = sourcecode.swift; path = Sorting.swift; sourceTree = "<group>"; };
		669E0C3C2452159A003DD940 /* README.md */ = {isa = PBXFileReference; lastKnownFileType = net.daringfireball.markdown; path = README.md; sourceTree = "<group>"; };
		66EAB840245220B900593625 /* BubbleSort.swift */ = {isa = PBXFileReference; lastKnownFileType = sourcecode.swift; path = BubbleSort.swift; sourceTree = "<group>"; };
		66EAB842245220D400593625 /* InsertionSort.swift */ = {isa = PBXFileReference; lastKnownFileType = sourcecode.swift; path = InsertionSort.swift; sourceTree = "<group>"; };
		66EAB8442452633D00593625 /* .gitignore */ = {isa = PBXFileReference; lastKnownFileType = text; path = .gitignore; sourceTree = "<group>"; };
		66EAB845245263E700593625 /* SelectionSort.swift */ = {isa = PBXFileReference; lastKnownFileType = sourcecode.swift; path = SelectionSort.swift; sourceTree = "<group>"; };
		66EAB848245320AB00593625 /* DoublyLinkedList.swift */ = {isa = PBXFileReference; lastKnownFileType = sourcecode.swift; path = DoublyLinkedList.swift; sourceTree = "<group>"; };
		66EAB84A245320B400593625 /* README.md */ = {isa = PBXFileReference; lastKnownFileType = net.daringfireball.markdown; path = README.md; sourceTree = "<group>"; };
		66EAB84F2453313B00593625 /* SinglyLinkedList.swift */ = {isa = PBXFileReference; lastKnownFileType = sourcecode.swift; path = SinglyLinkedList.swift; sourceTree = "<group>"; };
		66EAB85324538FD900593625 /* MergeSort.swift */ = {isa = PBXFileReference; lastKnownFileType = sourcecode.swift; path = MergeSort.swift; sourceTree = "<group>"; };
		66EAB8582455B63100593625 /* Queue.swift */ = {isa = PBXFileReference; lastKnownFileType = sourcecode.swift; path = Queue.swift; sourceTree = "<group>"; };
		66EAB85A2455BDD400593625 /* README.md */ = {isa = PBXFileReference; lastKnownFileType = net.daringfireball.markdown; path = README.md; sourceTree = "<group>"; };
		66EAB85C2455E2F100593625 /* Deque.swift */ = {isa = PBXFileReference; lastKnownFileType = sourcecode.swift; path = Deque.swift; sourceTree = "<group>"; };
		66EAB85E2455E30D00593625 /* README.md */ = {isa = PBXFileReference; lastKnownFileType = net.daringfireball.markdown; path = README.md; sourceTree = "<group>"; };
		66EAB85F2456559C00593625 /* QuickSort.swift */ = {isa = PBXFileReference; lastKnownFileType = sourcecode.swift; path = QuickSort.swift; sourceTree = "<group>"; };
		66EAB8662456706000593625 /* CountSort.swift */ = {isa = PBXFileReference; lastKnownFileType = sourcecode.swift; path = CountSort.swift; sourceTree = "<group>"; };
		66EAB8682459A85E00593625 /* BinarySearchTree.swift */ = {isa = PBXFileReference; lastKnownFileType = sourcecode.swift; path = BinarySearchTree.swift; sourceTree = "<group>"; };
/* End PBXFileReference section */

/* Begin PBXFrameworksBuildPhase section */
		669E0C1A2451C5FF003DD940 /* Frameworks */ = {
			isa = PBXFrameworksBuildPhase;
			buildActionMask = 2147483647;
			files = (
			);
			runOnlyForDeploymentPostprocessing = 0;
		};
/* End PBXFrameworksBuildPhase section */

/* Begin PBXGroup section */
		662377D924647EDB00EF35C0 /* SubsetSum */ = {
			isa = PBXGroup;
			children = (
				662377DA2464829100EF35C0 /* SubsetSum.swift */,
				662377DC2464965300EF35C0 /* README.md */,
			);
			path = SubsetSum;
			sourceTree = "<group>";
		};
		668C35B3245DE43C008E2D2C /* BinarySearch */ = {
			isa = PBXGroup;
			children = (
				668C35B4245DE44F008E2D2C /* BinarySearch.swift */,
				668C35BE245E0967008E2D2C /* README.md */,
			);
			path = BinarySearch;
			sourceTree = "<group>";
		};
		668C35B6245DF04C008E2D2C /* MaximumSubarray */ = {
			isa = PBXGroup;
			children = (
				668C35B7245DF060008E2D2C /* MaximumSubarrayDivideAndConquer.swift */,
				668C35BA245E066C008E2D2C /* MaximumSubarrayKadane.swift */,
				668C35B9245E0285008E2D2C /* README.md */,
			);
			path = MaximumSubarray;
			sourceTree = "<group>";
		};
		668C35C024606A1E008E2D2C /* BinarySearchTreeReconstruction */ = {
			isa = PBXGroup;
			children = (
				668C35C124606A4B008E2D2C /* BinarySearchTreeReconstruction.swift */,
			);
			path = BinarySearchTreeReconstruction;
			sourceTree = "<group>";
		};
		669E0C142451C5FF003DD940 = {
			isa = PBXGroup;
			children = (
				669E0C2D2451CD8F003DD940 /* README.md */,
				669E0C2E2451CD99003DD940 /* LICENSE */,
				66EAB8442452633D00593625 /* .gitignore */,
				669E0C1F2451C5FF003DD940 /* Learning */,
				669E0C1E2451C5FF003DD940 /* Products */,
			);
			sourceTree = "<group>";
		};
		669E0C1E2451C5FF003DD940 /* Products */ = {
			isa = PBXGroup;
			children = (
				669E0C1D2451C5FF003DD940 /* Learning */,
			);
			name = Products;
			sourceTree = "<group>";
		};
		669E0C1F2451C5FF003DD940 /* Learning */ = {
			isa = PBXGroup;
			children = (
				669E0C202451C5FF003DD940 /* main.swift */,
				669E0C272451C609003DD940 /* Algorithms */,
				669E0C282451C611003DD940 /* Data Structures */,
			);
			path = Learning;
			sourceTree = "<group>";
		};
		669E0C272451C609003DD940 /* Algorithms */ = {
			isa = PBXGroup;
			children = (
				662377D924647EDB00EF35C0 /* SubsetSum */,
				668C35C024606A1E008E2D2C /* BinarySearchTreeReconstruction */,
				668C35B6245DF04C008E2D2C /* MaximumSubarray */,
				668C35B3245DE43C008E2D2C /* BinarySearch */,
				669E0C372451FDA0003DD940 /* Sorting */,
				669E0C332451DCDA003DD940 /* SieveOfEratosthenes */,
			);
			path = Algorithms;
			sourceTree = "<group>";
		};
		669E0C282451C611003DD940 /* Data Structures */ = {
			isa = PBXGroup;
			children = (
				66EAB861245669CA00593625 /* Trees */,
				66EAB85B2455E28F00593625 /* Deque */,
				66EAB84C24532E3000593625 /* Queue */,
				669E0C2F2451DADA003DD940 /* Stack */,
				66EAB8472453209E00593625 /* LinkedList */,
			);
			path = "Data Structures";
			sourceTree = "<group>";
		};
		669E0C2F2451DADA003DD940 /* Stack */ = {
			isa = PBXGroup;
			children = (
				669E0C302451DAEE003DD940 /* Stack.swift */,
				669E0C322451DB23003DD940 /* README.md */,
			);
			path = Stack;
			sourceTree = "<group>";
		};
		669E0C332451DCDA003DD940 /* SieveOfEratosthenes */ = {
			isa = PBXGroup;
			children = (
				669E0C342451DCF6003DD940 /* SieveOfEratosthenes.swift */,
				669E0C362451EC5E003DD940 /* README.md */,
			);
			path = SieveOfEratosthenes;
			sourceTree = "<group>";
		};
		669E0C372451FDA0003DD940 /* Sorting */ = {
			isa = PBXGroup;
			children = (
				669E0C3A2452049F003DD940 /* Sorting.swift */,
				66EAB840245220B900593625 /* BubbleSort.swift */,
				66EAB842245220D400593625 /* InsertionSort.swift */,
				66EAB845245263E700593625 /* SelectionSort.swift */,
				66EAB85324538FD900593625 /* MergeSort.swift */,
				66EAB85F2456559C00593625 /* QuickSort.swift */,
				66EAB8662456706000593625 /* CountSort.swift */,
				669E0C3C2452159A003DD940 /* README.md */,
			);
			path = Sorting;
			sourceTree = "<group>";
		};
		66EAB8472453209E00593625 /* LinkedList */ = {
			isa = PBXGroup;
			children = (
				66EAB848245320AB00593625 /* DoublyLinkedList.swift */,
				66EAB84F2453313B00593625 /* SinglyLinkedList.swift */,
				66EAB84A245320B400593625 /* README.md */,
			);
			path = LinkedList;
			sourceTree = "<group>";
		};
		66EAB84C24532E3000593625 /* Queue */ = {
			isa = PBXGroup;
			children = (
				66EAB8582455B63100593625 /* Queue.swift */,
				66EAB85A2455BDD400593625 /* README.md */,
			);
			path = Queue;
			sourceTree = "<group>";
		};
		66EAB85B2455E28F00593625 /* Deque */ = {
			isa = PBXGroup;
			children = (
				66EAB85C2455E2F100593625 /* Deque.swift */,
				66EAB85E2455E30D00593625 /* README.md */,
			);
			path = Deque;
			sourceTree = "<group>";
		};
		66EAB861245669CA00593625 /* Trees */ = {
			isa = PBXGroup;
			children = (
				662377DF2465FBCF00EF35C0 /* BinaryTree.swift */,
				66EAB8682459A85E00593625 /* BinarySearchTree.swift */,
				662377DD2465FA0100EF35C0 /* Heap.swift */,
				668C35BF245F8248008E2D2C /* README.md */,
			);
			path = Trees;
			sourceTree = "<group>";
		};
/* End PBXGroup section */

/* Begin PBXNativeTarget section */
		669E0C1C2451C5FF003DD940 /* Learning */ = {
			isa = PBXNativeTarget;
			buildConfigurationList = 669E0C242451C5FF003DD940 /* Build configuration list for PBXNativeTarget "Learning" */;
			buildPhases = (
				669E0C192451C5FF003DD940 /* Sources */,
				669E0C1A2451C5FF003DD940 /* Frameworks */,
				669E0C1B2451C5FF003DD940 /* CopyFiles */,
			);
			buildRules = (
			);
			dependencies = (
			);
			name = Learning;
			productName = Learning;
			productReference = 669E0C1D2451C5FF003DD940 /* Learning */;
			productType = "com.apple.product-type.tool";
		};
/* End PBXNativeTarget section */

/* Begin PBXProject section */
		669E0C152451C5FF003DD940 /* Project object */ = {
			isa = PBXProject;
			attributes = {
				LastSwiftUpdateCheck = 1140;
				LastUpgradeCheck = 1140;
				ORGANIZATIONNAME = "Artem Zhukov";
				TargetAttributes = {
					669E0C1C2451C5FF003DD940 = {
						CreatedOnToolsVersion = 11.4.1;
					};
				};
			};
			buildConfigurationList = 669E0C182451C5FF003DD940 /* Build configuration list for PBXProject "Learning" */;
			compatibilityVersion = "Xcode 9.3";
			developmentRegion = en;
			hasScannedForEncodings = 0;
			knownRegions = (
				en,
				Base,
			);
			mainGroup = 669E0C142451C5FF003DD940;
			productRefGroup = 669E0C1E2451C5FF003DD940 /* Products */;
			projectDirPath = "";
			projectRoot = "";
			targets = (
				669E0C1C2451C5FF003DD940 /* Learning */,
			);
		};
/* End PBXProject section */

/* Begin PBXSourcesBuildPhase section */
		669E0C192451C5FF003DD940 /* Sources */ = {
			isa = PBXSourcesBuildPhase;
			buildActionMask = 2147483647;
			files = (
				66EAB8502453313B00593625 /* SinglyLinkedList.swift in Sources */,
				66EAB849245320AB00593625 /* DoublyLinkedList.swift in Sources */,
				66EAB85D2455E2F100593625 /* Deque.swift in Sources */,
				669E0C3B2452049F003DD940 /* Sorting.swift in Sources */,
				66EAB8602456559C00593625 /* QuickSort.swift in Sources */,
				66EAB8592455B63100593625 /* Queue.swift in Sources */,
				662377E02465FBCF00EF35C0 /* BinaryTree.swift in Sources */,
				668C35B8245DF060008E2D2C /* MaximumSubarrayDivideAndConquer.swift in Sources */,
				669E0C352451DCF6003DD940 /* SieveOfEratosthenes.swift in Sources */,
				662377DE2465FA0100EF35C0 /* Heap.swift in Sources */,
				66EAB85424538FD900593625 /* MergeSort.swift in Sources */,
				668C35B5245DE44F008E2D2C /* BinarySearch.swift in Sources */,
				669E0C212451C5FF003DD940 /* main.swift in Sources */,
				66EAB8672456706000593625 /* CountSort.swift in Sources */,
				66EAB843245220D400593625 /* InsertionSort.swift in Sources */,
				66EAB846245263E700593625 /* SelectionSort.swift in Sources */,
				669E0C312451DAEE003DD940 /* Stack.swift in Sources */,
				668C35BB245E066C008E2D2C /* MaximumSubarrayKadane.swift in Sources */,
				66EAB841245220B900593625 /* BubbleSort.swift in Sources */,
				662377DB2464829100EF35C0 /* SubsetSum.swift in Sources */,
				668C35C224606A4B008E2D2C /* BinarySearchTreeReconstruction.swift in Sources */,
				66EAB8692459A85E00593625 /* BinarySearchTree.swift in Sources */,
			);
			runOnlyForDeploymentPostprocessing = 0;
		};
/* End PBXSourcesBuildPhase section */

/* Begin XCBuildConfiguration section */
		669E0C222451C5FF003DD940 /* Debug */ = {
			isa = XCBuildConfiguration;
			buildSettings = {
				ALWAYS_SEARCH_USER_PATHS = NO;
				CLANG_ANALYZER_NONNULL = YES;
				CLANG_ANALYZER_NUMBER_OBJECT_CONVERSION = YES_AGGRESSIVE;
				CLANG_CXX_LANGUAGE_STANDARD = "gnu++14";
				CLANG_CXX_LIBRARY = "libc++";
				CLANG_ENABLE_MODULES = YES;
				CLANG_ENABLE_OBJC_ARC = YES;
				CLANG_ENABLE_OBJC_WEAK = YES;
				CLANG_WARN_BLOCK_CAPTURE_AUTORELEASING = YES;
				CLANG_WARN_BOOL_CONVERSION = YES;
				CLANG_WARN_COMMA = YES;
				CLANG_WARN_CONSTANT_CONVERSION = YES;
				CLANG_WARN_DEPRECATED_OBJC_IMPLEMENTATIONS = YES;
				CLANG_WARN_DIRECT_OBJC_ISA_USAGE = YES_ERROR;
				CLANG_WARN_DOCUMENTATION_COMMENTS = YES;
				CLANG_WARN_EMPTY_BODY = YES;
				CLANG_WARN_ENUM_CONVERSION = YES;
				CLANG_WARN_INFINITE_RECURSION = YES;
				CLANG_WARN_INT_CONVERSION = YES;
				CLANG_WARN_NON_LITERAL_NULL_CONVERSION = YES;
				CLANG_WARN_OBJC_IMPLICIT_RETAIN_SELF = YES;
				CLANG_WARN_OBJC_LITERAL_CONVERSION = YES;
				CLANG_WARN_OBJC_ROOT_CLASS = YES_ERROR;
				CLANG_WARN_RANGE_LOOP_ANALYSIS = YES;
				CLANG_WARN_STRICT_PROTOTYPES = YES;
				CLANG_WARN_SUSPICIOUS_MOVE = YES;
				CLANG_WARN_UNGUARDED_AVAILABILITY = YES_AGGRESSIVE;
				CLANG_WARN_UNREACHABLE_CODE = YES;
				CLANG_WARN__DUPLICATE_METHOD_MATCH = YES;
				COPY_PHASE_STRIP = NO;
				DEBUG_INFORMATION_FORMAT = dwarf;
				ENABLE_STRICT_OBJC_MSGSEND = YES;
				ENABLE_TESTABILITY = YES;
				GCC_C_LANGUAGE_STANDARD = gnu11;
				GCC_DYNAMIC_NO_PIC = NO;
				GCC_NO_COMMON_BLOCKS = YES;
				GCC_OPTIMIZATION_LEVEL = 0;
				GCC_PREPROCESSOR_DEFINITIONS = (
					"DEBUG=1",
					"$(inherited)",
				);
				GCC_WARN_64_TO_32_BIT_CONVERSION = YES;
				GCC_WARN_ABOUT_RETURN_TYPE = YES_ERROR;
				GCC_WARN_UNDECLARED_SELECTOR = YES;
				GCC_WARN_UNINITIALIZED_AUTOS = YES_AGGRESSIVE;
				GCC_WARN_UNUSED_FUNCTION = YES;
				GCC_WARN_UNUSED_VARIABLE = YES;
				MACOSX_DEPLOYMENT_TARGET = 10.15;
				MTL_ENABLE_DEBUG_INFO = INCLUDE_SOURCE;
				MTL_FAST_MATH = YES;
				ONLY_ACTIVE_ARCH = YES;
				SDKROOT = macosx;
				SWIFT_ACTIVE_COMPILATION_CONDITIONS = DEBUG;
				SWIFT_OPTIMIZATION_LEVEL = "-Onone";
			};
			name = Debug;
		};
		669E0C232451C5FF003DD940 /* Release */ = {
			isa = XCBuildConfiguration;
			buildSettings = {
				ALWAYS_SEARCH_USER_PATHS = NO;
				CLANG_ANALYZER_NONNULL = YES;
				CLANG_ANALYZER_NUMBER_OBJECT_CONVERSION = YES_AGGRESSIVE;
				CLANG_CXX_LANGUAGE_STANDARD = "gnu++14";
				CLANG_CXX_LIBRARY = "libc++";
				CLANG_ENABLE_MODULES = YES;
				CLANG_ENABLE_OBJC_ARC = YES;
				CLANG_ENABLE_OBJC_WEAK = YES;
				CLANG_WARN_BLOCK_CAPTURE_AUTORELEASING = YES;
				CLANG_WARN_BOOL_CONVERSION = YES;
				CLANG_WARN_COMMA = YES;
				CLANG_WARN_CONSTANT_CONVERSION = YES;
				CLANG_WARN_DEPRECATED_OBJC_IMPLEMENTATIONS = YES;
				CLANG_WARN_DIRECT_OBJC_ISA_USAGE = YES_ERROR;
				CLANG_WARN_DOCUMENTATION_COMMENTS = YES;
				CLANG_WARN_EMPTY_BODY = YES;
				CLANG_WARN_ENUM_CONVERSION = YES;
				CLANG_WARN_INFINITE_RECURSION = YES;
				CLANG_WARN_INT_CONVERSION = YES;
				CLANG_WARN_NON_LITERAL_NULL_CONVERSION = YES;
				CLANG_WARN_OBJC_IMPLICIT_RETAIN_SELF = YES;
				CLANG_WARN_OBJC_LITERAL_CONVERSION = YES;
				CLANG_WARN_OBJC_ROOT_CLASS = YES_ERROR;
				CLANG_WARN_RANGE_LOOP_ANALYSIS = YES;
				CLANG_WARN_STRICT_PROTOTYPES = YES;
				CLANG_WARN_SUSPICIOUS_MOVE = YES;
				CLANG_WARN_UNGUARDED_AVAILABILITY = YES_AGGRESSIVE;
				CLANG_WARN_UNREACHABLE_CODE = YES;
				CLANG_WARN__DUPLICATE_METHOD_MATCH = YES;
				COPY_PHASE_STRIP = NO;
				DEBUG_INFORMATION_FORMAT = "dwarf-with-dsym";
				ENABLE_NS_ASSERTIONS = NO;
				ENABLE_STRICT_OBJC_MSGSEND = YES;
				GCC_C_LANGUAGE_STANDARD = gnu11;
				GCC_NO_COMMON_BLOCKS = YES;
				GCC_WARN_64_TO_32_BIT_CONVERSION = YES;
				GCC_WARN_ABOUT_RETURN_TYPE = YES_ERROR;
				GCC_WARN_UNDECLARED_SELECTOR = YES;
				GCC_WARN_UNINITIALIZED_AUTOS = YES_AGGRESSIVE;
				GCC_WARN_UNUSED_FUNCTION = YES;
				GCC_WARN_UNUSED_VARIABLE = YES;
				MACOSX_DEPLOYMENT_TARGET = 10.15;
				MTL_ENABLE_DEBUG_INFO = NO;
				MTL_FAST_MATH = YES;
				SDKROOT = macosx;
				SWIFT_COMPILATION_MODE = wholemodule;
				SWIFT_OPTIMIZATION_LEVEL = "-O";
			};
			name = Release;
		};
		669E0C252451C5FF003DD940 /* Debug */ = {
			isa = XCBuildConfiguration;
			buildSettings = {
				CODE_SIGN_STYLE = Automatic;
				DEVELOPMENT_TEAM = 238KKAR8E2;
				ENABLE_HARDENED_RUNTIME = YES;
				PRODUCT_NAME = "$(TARGET_NAME)";
				SWIFT_VERSION = 5.0;
			};
			name = Debug;
		};
		669E0C262451C5FF003DD940 /* Release */ = {
			isa = XCBuildConfiguration;
			buildSettings = {
				CODE_SIGN_STYLE = Automatic;
				DEVELOPMENT_TEAM = 238KKAR8E2;
				ENABLE_HARDENED_RUNTIME = YES;
				PRODUCT_NAME = "$(TARGET_NAME)";
				SWIFT_VERSION = 5.0;
			};
			name = Release;
		};
/* End XCBuildConfiguration section */

/* Begin XCConfigurationList section */
		669E0C182451C5FF003DD940 /* Build configuration list for PBXProject "Learning" */ = {
			isa = XCConfigurationList;
			buildConfigurations = (
				669E0C222451C5FF003DD940 /* Debug */,
				669E0C232451C5FF003DD940 /* Release */,
			);
			defaultConfigurationIsVisible = 0;
			defaultConfigurationName = Release;
		};
		669E0C242451C5FF003DD940 /* Build configuration list for PBXNativeTarget "Learning" */ = {
			isa = XCConfigurationList;
			buildConfigurations = (
				669E0C252451C5FF003DD940 /* Debug */,
				669E0C262451C5FF003DD940 /* Release */,
			);
			defaultConfigurationIsVisible = 0;
			defaultConfigurationName = Release;
		};
/* End XCConfigurationList section */
	};
	rootObject = 669E0C152451C5FF003DD940 /* Project object */;
}
